
Microsoft Visual Studio Solution File, Format Version 12.00
# Visual Studio 14
VisualStudioVersion = 14.0.25420.1
MinimumVisualStudioVersion = 10.0.40219.1
Project("{9092AA53-FB77-4645-B42D-1CCCA6BD08BD}") = "Halo.io", "Halo.io\Halo.io.njsproj", "{67DF87BE-CCEA-49AE-BB75-EA0DD1BA37DB}"
EndProject
Project("{2150E333-8FDC-42A3-9474-1A3956D46DE8}") = "Solution Items", "Solution Items", "{691B6731-1288-4AC0-BF9D-AC2B39B3AE9D}"
EndProject
Global
	GlobalSection(SolutionConfigurationPlatforms) = preSolution
		Debug|Any CPU = Debug|Any CPU
		Release|Any CPU = Release|Any CPU
	EndGlobalSection
	GlobalSection(ProjectConfigurationPlatforms) = postSolution
		{67DF87BE-CCEA-49AE-BB75-EA0DD1BA37DB}.Debug|Any CPU.ActiveCfg = Debug|Any CPU
		{67DF87BE-CCEA-49AE-BB75-EA0DD1BA37DB}.Debug|Any CPU.Build.0 = Debug|Any CPU
		{67DF87BE-CCEA-49AE-BB75-EA0DD1BA37DB}.Release|Any CPU.ActiveCfg = Release|Any CPU
		{67DF87BE-CCEA-49AE-BB75-EA0DD1BA37DB}.Release|Any CPU.Build.0 = Release|Any CPU
	EndGlobalSection
	GlobalSection(SolutionProperties) = preSolution
		HideSolutionNode = FALSE
	EndGlobalSection
EndGlobal
